<?xml version="1.0" encoding="utf-8"?>
<Project ToolsVersion="4.0" xmlns="http://schemas.microsoft.com/developer/msbuild/2003">
  <ItemGroup>
    <Filter Include="Resources">
      <UniqueIdentifier>{67DA6AB6-F800-4c08-8B7A-83BB121AAD01}</UniqueIdentifier>
      <Extensions>rc;ico;cur;bmp;dlg;rc2;rct;bin;rgs;gif;jpg;jpeg;jpe;resx;tiff;tif;png;wav;mfcribbon-ms</Extensions>
    </Filter>
    <Filter Include="Source">
      <UniqueIdentifier>{4FC737F1-C7A5-4376-A066-2A32D752A2FF}</UniqueIdentifier>
      <Extensions>cpp;c;cc;cxx;c++;cppm;ixx;def;odl;idl;hpj;bat;asm;asmx</Extensions>
    </Filter>
    <Filter Include="Source\Core">
      <UniqueIdentifier>{eb6cf7ab-9236-476e-8bcb-7f510062f1d8}</UniqueIdentifier>
    </Filter>
    <Filter Include="Source\Common">
      <UniqueIdentifier>{db11e0da-b43d-44a8-bace-cfcb1b3bb100}</UniqueIdentifier>
    </Filter>
    <Filter Include="Source\Engine">
      <UniqueIdentifier>{a055d253-f181-4981-b57b-0fc675214406}</UniqueIdentifier>
    </Filter>
    <Filter Include="Source\Platform">
      <UniqueIdentifier>{828e2112-27cc-46fb-bf2f-c0de32833069}</UniqueIdentifier>
    </Filter>
    <Filter Include="Source\Platform\Win32">
      <UniqueIdentifier>{c16714be-ac02-4e17-a8c8-7037580fe6ed}</UniqueIdentifier>
    </Filter>
    <Filter Include="Source\Core\Private">
      <UniqueIdentifier>{e09039ab-082e-4326-a882-0d474c56c10f}</UniqueIdentifier>
    </Filter>
    <Filter Include="Source\Core\Public">
      <UniqueIdentifier>{48e0c128-9ce6-470f-b113-ec2c5c324a6c}</UniqueIdentifier>
    </Filter>
    <Filter Include="Source\Common\Private">
      <UniqueIdentifier>{552d9bd6-2946-4fd1-9d4d-77fd01088fd7}</UniqueIdentifier>
    </Filter>
    <Filter Include="Source\Common\Public">
      <UniqueIdentifier>{34aa8f2f-0395-4b09-a8b8-c85fb2a0494c}</UniqueIdentifier>
    </Filter>
    <Filter Include="Source\Engine\Private">
      <UniqueIdentifier>{942c5731-45c7-4fbb-a614-b0bcb0936606}</UniqueIdentifier>
    </Filter>
    <Filter Include="Source\Engine\Public">
      <UniqueIdentifier>{bdd8fc77-8141-4102-87d9-916e795f45c6}</UniqueIdentifier>
    </Filter>
    <Filter Include="Source\Platform\Win32\Private">
      <UniqueIdentifier>{bd26b6e6-38b4-4969-87a5-76e1ede608d6}</UniqueIdentifier>
    </Filter>
    <Filter Include="Source\Platform\Win32\Public">
      <UniqueIdentifier>{96aef0e5-6476-4fd0-968f-124882f84253}</UniqueIdentifier>
    </Filter>
    <Filter Include="Source\PCH">
      <UniqueIdentifier>{8f8a08ea-2ede-443d-a285-a9810d042165}</UniqueIdentifier>
    </Filter>
    <Filter Include="Source\Platform\Win32\Public\Interfaces">
      <UniqueIdentifier>{2ef94a0e-bfe4-44ef-9a74-4c24ad391195}</UniqueIdentifier>
    </Filter>
    <Filter Include="Source\Platform\Win32\Public\Classes">
      <UniqueIdentifier>{bf38acba-d3dd-4137-96c9-9437a8f0df6d}</UniqueIdentifier>
    </Filter>
  </ItemGroup>
  <ItemGroup>
    <ClCompile Include="Source\Apollo.cpp">
      <Filter>Source\PCH</Filter>
    </ClCompile>
    <ClCompile Include="Source\Platform\Win32\Window.cpp">
      <Filter>Source\Platform\Win32\Private</Filter>
    </ClCompile>
    <ClCompile Include="Source\Platform\Win32\WinObject.cpp">
      <Filter>Source\Platform\Win32\Private</Filter>
    </ClCompile>
    <ClCompile Include="Source\Platform\Win32\WinUtils.cpp">
      <Filter>Source\Platform\Win32\Private</Filter>
    </ClCompile>
    <ClCompile Include="Source\Core\GameSettings.cpp">
      <Filter>Source\Core\Private</Filter>
    </ClCompile>
    <ClCompile Include="Source\Engine\Game.cpp">
      <Filter>Source\Engine\Private</Filter>
    </ClCompile>
    <ClCompile Include="Source\Engine\OEngine.cpp">
      <Filter>Source\Engine\Private</Filter>
    </ClCompile>
  </ItemGroup>
  <ItemGroup>
    <ClInclude Include="Source\Apollo.h">
      <Filter>Source\PCH</Filter>
    </ClInclude>
    <ClInclude Include="Source\Platform\Win32\WinEntry.h">
      <Filter>Source\Platform\Win32\Public</Filter>
    </ClInclude>
    <ClInclude Include="Source\Core\Definitions.h">
      <Filter>Source\Core\Public</Filter>
    </ClInclude>
    <ClInclude Include="Source\Core\Core.h">
      <Filter>Source\Core\Public</Filter>
    </ClInclude>
    <ClInclude Include="Source\Platform\Win32\IApplication.h">
      <Filter>Source\Platform\Win32\Public\Interfaces</Filter>
    </ClInclude>
    <ClInclude Include="Source\Platform\Win32\WinObject.h">
      <Filter>Source\Platform\Win32\Public\Classes</Filter>
    </ClInclude>
    <ClInclude Include="Source\Platform\Win32\Window.h">
      <Filter>Source\Platform\Win32\Public\Classes</Filter>
    </ClInclude>
    <ClInclude Include="Source\Platform\Win32\WinUtils.h">
      <Filter>Source\Platform\Win32\Public</Filter>
    </ClInclude>
    <ClInclude Include="Source\Core\GameSettings.h">
      <Filter>Source\Core\Public</Filter>
    </ClInclude>
    <ClInclude Include="Source\Engine\Game.h">
      <Filter>Source\Engine\Public</Filter>
    </ClInclude>
    <ClInclude Include="Source\Engine\OEngine.h">
      <Filter>Source\Engine\Public</Filter>
    </ClInclude>
  </ItemGroup>
</Project>